
Microsoft Visual Studio Solution File, Format Version 12.00
# Visual Studio Version 17
VisualStudioVersion = 17.9.34723.18
MinimumVisualStudioVersion = 10.0.40219.1
Project("{2150E333-8FDC-42A3-9474-1A3956D46DE8}") = "Services", "Services", "{8EB37A92-F6E3-4DF0-B1D6-9493E9E9BB56}"
EndProject
Project("{2150E333-8FDC-42A3-9474-1A3956D46DE8}") = "WebApps", "WebApps", "{2E014A65-0B85-4413-9D2C-3E49EA65D9CE}"
EndProject
Project("{2150E333-8FDC-42A3-9474-1A3956D46DE8}") = "Cadastros", "Cadastros", "{BEFBD7F5-6D47-4A10-93F6-77D18EAA83C2}"
EndProject
Project("{2150E333-8FDC-42A3-9474-1A3956D46DE8}") = "Catalogo", "Catalogo", "{B7B31198-EA65-4EFA-9151-D22D1A693EEA}"
EndProject
Project("{2150E333-8FDC-42A3-9474-1A3956D46DE8}") = "Core", "Core", "{CCE0217C-FD81-4D56-9D60-83B1D9E936CE}"
EndProject
Project("{2150E333-8FDC-42A3-9474-1A3956D46DE8}") = "Fiscal", "Fiscal", "{E524E3E9-D3D8-4111-948F-C267AAD1119B}"
EndProject
Project("{2150E333-8FDC-42A3-9474-1A3956D46DE8}") = "Pagamentos", "Pagamentos", "{1D4A0DC0-D2CD-4EA7-BC3C-CF840CA11481}"
EndProject
Project("{2150E333-8FDC-42A3-9474-1A3956D46DE8}") = "Vendas", "Vendas", "{C9934E02-8237-44D6-995B-71570A16C23E}"
EndProject
Project("{9A19103F-16F7-4668-BE54-9A1E7A4F7556}") = "NerdStore.Catalogo.Domain", "src\NerdStore.Catalogo.Domain\NerdStore.Catalogo.Domain.csproj", "{3B9083D1-CD61-4CD6-979F-C94EDB479FFC}"
EndProject
Project("{9A19103F-16F7-4668-BE54-9A1E7A4F7556}") = "NerdStore.Core", "src\NerdStore.Core\NerdStore.Core.csproj", "{D14B094E-F2FE-4804-8D59-00910D2FF66C}"
EndProject
Project("{2150E333-8FDC-42A3-9474-1A3956D46DE8}") = "Tests", "Tests", "{E9C4D919-8322-4A9C-A0E6-F333CDFC3647}"
EndProject
Project("{9A19103F-16F7-4668-BE54-9A1E7A4F7556}") = "NerdStore.Catalogo.Domain.Tests", "tests\NerdStore.Catalogo.Domain.Tests\NerdStore.Catalogo.Domain.Tests.csproj", "{8D0395CF-11E4-4F12-98CA-50BC2A4BE7BA}"
EndProject
Project("{9A19103F-16F7-4668-BE54-9A1E7A4F7556}") = "NerdStore.Catalogo.Data", "src\NerdStore.Catalogo.Data\NerdStore.Catalogo.Data.csproj", "{D1D5624E-975D-4541-93D2-2A79B5EA1940}"
EndProject
Project("{9A19103F-16F7-4668-BE54-9A1E7A4F7556}") = "NerdStore.Catalogo.Application", "src\NerdStore.Catalogo.Application\NerdStore.Catalogo.Application.csproj", "{7E4EA690-460A-43BB-B69F-DD62DF5AED46}"
EndProject
Project("{FAE04EC0-301F-11D3-BF4B-00C04F79EFBC}") = "NerdStore.WebApp.MVC", "NerdStore.WebApp.MVC\NerdStore.WebApp.MVC.csproj", "{AD8324CA-2BD1-4B3E-9763-0B810081E32F}"
EndProject
Global
	GlobalSection(SolutionConfigurationPlatforms) = preSolution
		Debug|Any CPU = Debug|Any CPU
		Release|Any CPU = Release|Any CPU
	EndGlobalSection
	GlobalSection(ProjectConfigurationPlatforms) = postSolution
		{3B9083D1-CD61-4CD6-979F-C94EDB479FFC}.Debug|Any CPU.ActiveCfg = Debug|Any CPU
		{3B9083D1-CD61-4CD6-979F-C94EDB479FFC}.Debug|Any CPU.Build.0 = Debug|Any CPU
		{3B9083D1-CD61-4CD6-979F-C94EDB479FFC}.Release|Any CPU.ActiveCfg = Release|Any CPU
		{3B9083D1-CD61-4CD6-979F-C94EDB479FFC}.Release|Any CPU.Build.0 = Release|Any CPU
		{D14B094E-F2FE-4804-8D59-00910D2FF66C}.Debug|Any CPU.ActiveCfg = Debug|Any CPU
		{D14B094E-F2FE-4804-8D59-00910D2FF66C}.Debug|Any CPU.Build.0 = Debug|Any CPU
		{D14B094E-F2FE-4804-8D59-00910D2FF66C}.Release|Any CPU.ActiveCfg = Release|Any CPU
		{D14B094E-F2FE-4804-8D59-00910D2FF66C}.Release|Any CPU.Build.0 = Release|Any CPU
		{8D0395CF-11E4-4F12-98CA-50BC2A4BE7BA}.Debug|Any CPU.ActiveCfg = Debug|Any CPU
		{8D0395CF-11E4-4F12-98CA-50BC2A4BE7BA}.Debug|Any CPU.Build.0 = Debug|Any CPU
		{8D0395CF-11E4-4F12-98CA-50BC2A4BE7BA}.Release|Any CPU.ActiveCfg = Release|Any CPU
		{8D0395CF-11E4-4F12-98CA-50BC2A4BE7BA}.Release|Any CPU.Build.0 = Release|Any CPU
		{D1D5624E-975D-4541-93D2-2A79B5EA1940}.Debug|Any CPU.ActiveCfg = Debug|Any CPU
		{D1D5624E-975D-4541-93D2-2A79B5EA1940}.Debug|Any CPU.Build.0 = Debug|Any CPU
		{D1D5624E-975D-4541-93D2-2A79B5EA1940}.Release|Any CPU.ActiveCfg = Release|Any CPU
		{D1D5624E-975D-4541-93D2-2A79B5EA1940}.Release|Any CPU.Build.0 = Release|Any CPU
		{7E4EA690-460A-43BB-B69F-DD62DF5AED46}.Debug|Any CPU.ActiveCfg = Debug|Any CPU
		{7E4EA690-460A-43BB-B69F-DD62DF5AED46}.Debug|Any CPU.Build.0 = Debug|Any CPU
		{7E4EA690-460A-43BB-B69F-DD62DF5AED46}.Release|Any CPU.ActiveCfg = Release|Any CPU
		{7E4EA690-460A-43BB-B69F-DD62DF5AED46}.Release|Any CPU.Build.0 = Release|Any CPU
		{AD8324CA-2BD1-4B3E-9763-0B810081E32F}.Debug|Any CPU.ActiveCfg = Debug|Any CPU
		{AD8324CA-2BD1-4B3E-9763-0B810081E32F}.Debug|Any CPU.Build.0 = Debug|Any CPU
		{AD8324CA-2BD1-4B3E-9763-0B810081E32F}.Release|Any CPU.ActiveCfg = Release|Any CPU
		{AD8324CA-2BD1-4B3E-9763-0B810081E32F}.Release|Any CPU.Build.0 = Release|Any CPU
	EndGlobalSection
	GlobalSection(SolutionProperties) = preSolution
		HideSolutionNode = FALSE
	EndGlobalSection
	GlobalSection(NestedProjects) = preSolution
		{BEFBD7F5-6D47-4A10-93F6-77D18EAA83C2} = {8EB37A92-F6E3-4DF0-B1D6-9493E9E9BB56}
		{B7B31198-EA65-4EFA-9151-D22D1A693EEA} = {8EB37A92-F6E3-4DF0-B1D6-9493E9E9BB56}
		{CCE0217C-FD81-4D56-9D60-83B1D9E936CE} = {8EB37A92-F6E3-4DF0-B1D6-9493E9E9BB56}
		{E524E3E9-D3D8-4111-948F-C267AAD1119B} = {8EB37A92-F6E3-4DF0-B1D6-9493E9E9BB56}
		{1D4A0DC0-D2CD-4EA7-BC3C-CF840CA11481} = {8EB37A92-F6E3-4DF0-B1D6-9493E9E9BB56}
		{C9934E02-8237-44D6-995B-71570A16C23E} = {8EB37A92-F6E3-4DF0-B1D6-9493E9E9BB56}
		{3B9083D1-CD61-4CD6-979F-C94EDB479FFC} = {B7B31198-EA65-4EFA-9151-D22D1A693EEA}
		{D14B094E-F2FE-4804-8D59-00910D2FF66C} = {CCE0217C-FD81-4D56-9D60-83B1D9E936CE}
		{E9C4D919-8322-4A9C-A0E6-F333CDFC3647} = {B7B31198-EA65-4EFA-9151-D22D1A693EEA}
		{8D0395CF-11E4-4F12-98CA-50BC2A4BE7BA} = {E9C4D919-8322-4A9C-A0E6-F333CDFC3647}
		{D1D5624E-975D-4541-93D2-2A79B5EA1940} = {B7B31198-EA65-4EFA-9151-D22D1A693EEA}
		{7E4EA690-460A-43BB-B69F-DD62DF5AED46} = {B7B31198-EA65-4EFA-9151-D22D1A693EEA}
		{AD8324CA-2BD1-4B3E-9763-0B810081E32F} = {2E014A65-0B85-4413-9D2C-3E49EA65D9CE}
	EndGlobalSection
	GlobalSection(ExtensibilityGlobals) = postSolution
		SolutionGuid = {93BC4B38-74A9-414C-B022-2E0D8B4AA6A8}
	EndGlobalSection
EndGlobal
